
Microsoft Visual Studio Solution File, Format Version 12.00
# Visual Studio Version 17
VisualStudioVersion = 17.9.34607.119
MinimumVisualStudioVersion = 10.0.40219.1
Project("{FAE04EC0-301F-11D3-BF4B-00C04F79EFBC}") = "Hotel_Management_System", "Hotel_Management_System\Hotel_Management_System.csproj", "{11C54037-4AE2-48FC-B5C6-944F3B50D636}"
EndProject
Global
	GlobalSection(SolutionConfigurationPlatforms) = preSolution
		Debug|Any CPU = Debug|Any CPU
		Release|Any CPU = Release|Any CPU
	EndGlobalSection
	GlobalSection(ProjectConfigurationPlatforms) = postSolution
		{11C54037-4AE2-48FC-B5C6-944F3B50D636}.Debug|Any CPU.ActiveCfg = Debug|Any CPU
		{11C54037-4AE2-48FC-B5C6-944F3B50D636}.Debug|Any CPU.Build.0 = Debug|Any CPU
		{11C54037-4AE2-48FC-B5C6-944F3B50D636}.Release|Any CPU.ActiveCfg = Release|Any CPU
		{11C54037-4AE2-48FC-B5C6-944F3B50D636}.Release|Any CPU.Build.0 = Release|Any CPU
	EndGlobalSection
	GlobalSection(SolutionProperties) = preSolution
		HideSolutionNode = FALSE
	EndGlobalSection
	GlobalSection(ExtensibilityGlobals) = postSolution
		SolutionGuid = {B7F167BF-C450-483D-991C-D495565E2B43}
	EndGlobalSection
EndGlobal
